
Microsoft Visual Studio Solution File, Format Version 12.00
# Visual Studio Version 16
VisualStudioVersion = 25.0.1704.0
MinimumVisualStudioVersion = 10.0.40219.1
Project("{FAE04EC0-301F-11D3-BF4B-00C04F79EFBC}") = "SerializationBenchmarkApp", "SerializationBenchmarkApp\SerializationBenchmarkApp.csproj", "{C9B1B8E6-B5DA-416C-BADB-6AF959AF9AD7}"
EndProject
Global
	GlobalSection(SolutionConfigurationPlatforms) = preSolution
		Debug|Any CPU = Debug|Any CPU
		Release|Any CPU = Release|Any CPU
	EndGlobalSection
	GlobalSection(ProjectConfigurationPlatforms) = postSolution
		{C9B1B8E6-B5DA-416C-BADB-6AF959AF9AD7}.Debug|Any CPU.ActiveCfg = Debug|Any CPU
		{C9B1B8E6-B5DA-416C-BADB-6AF959AF9AD7}.Debug|Any CPU.Build.0 = Debug|Any CPU
		{C9B1B8E6-B5DA-416C-BADB-6AF959AF9AD7}.Release|Any CPU.ActiveCfg = Release|Any CPU
		{C9B1B8E6-B5DA-416C-BADB-6AF959AF9AD7}.Release|Any CPU.Build.0 = Release|Any CPU
	EndGlobalSection
	GlobalSection(SolutionProperties) = preSolution
		HideSolutionNode = FALSE
	EndGlobalSection
	GlobalSection(ExtensibilityGlobals) = postSolution
		SolutionGuid = {DD48254E-ED2B-4839-A8B5-E3680D9E68CD}
	EndGlobalSection
EndGlobal
